
Microsoft Visual Studio Solution File, Format Version 12.00
# Visual Studio Version 17
VisualStudioVersion = 17.9.34728.123
MinimumVisualStudioVersion = 10.0.40219.1
Project("{9A19103F-16F7-4668-BE54-9A1E7A4F7556}") = "ABCBookShop", "ABCBookShop\ABCBookShop.csproj", "{69EDDAB1-3BB7-4EA5-8299-A9EF8348039E}"
EndProject
Project("{9A19103F-16F7-4668-BE54-9A1E7A4F7556}") = "ABCBookAPIService", "ABCBookAPIService\ABCBookAPIService.csproj", "{0410BBE6-EC13-4390-98FB-45B5994F983B}"
EndProject
Project("{9A19103F-16F7-4668-BE54-9A1E7A4F7556}") = "ABCBook.Model", "ABCBook.Model\ABCBook.Model.csproj", "{BC1E5F7F-6E24-4353-BCF1-ECA9BE38F3B1}"
EndProject
Project("{FAE04EC0-301F-11D3-BF4B-00C04F79EFBC}") = "ABCBook.API", "ABCBook.API\ABCBook.API.csproj", "{BFB81FB8-D57D-4C27-8B3A-31B4C8597AD1}"
EndProject
Global
	GlobalSection(SolutionConfigurationPlatforms) = preSolution
		Debug|Any CPU = Debug|Any CPU
		Release|Any CPU = Release|Any CPU
	EndGlobalSection
	GlobalSection(ProjectConfigurationPlatforms) = postSolution
		{69EDDAB1-3BB7-4EA5-8299-A9EF8348039E}.Debug|Any CPU.ActiveCfg = Debug|Any CPU
		{69EDDAB1-3BB7-4EA5-8299-A9EF8348039E}.Debug|Any CPU.Build.0 = Debug|Any CPU
		{69EDDAB1-3BB7-4EA5-8299-A9EF8348039E}.Release|Any CPU.ActiveCfg = Release|Any CPU
		{69EDDAB1-3BB7-4EA5-8299-A9EF8348039E}.Release|Any CPU.Build.0 = Release|Any CPU
		{0410BBE6-EC13-4390-98FB-45B5994F983B}.Debug|Any CPU.ActiveCfg = Debug|Any CPU
		{0410BBE6-EC13-4390-98FB-45B5994F983B}.Debug|Any CPU.Build.0 = Debug|Any CPU
		{0410BBE6-EC13-4390-98FB-45B5994F983B}.Release|Any CPU.ActiveCfg = Release|Any CPU
		{0410BBE6-EC13-4390-98FB-45B5994F983B}.Release|Any CPU.Build.0 = Release|Any CPU
		{BC1E5F7F-6E24-4353-BCF1-ECA9BE38F3B1}.Debug|Any CPU.ActiveCfg = Debug|Any CPU
		{BC1E5F7F-6E24-4353-BCF1-ECA9BE38F3B1}.Debug|Any CPU.Build.0 = Debug|Any CPU
		{BC1E5F7F-6E24-4353-BCF1-ECA9BE38F3B1}.Release|Any CPU.ActiveCfg = Release|Any CPU
		{BC1E5F7F-6E24-4353-BCF1-ECA9BE38F3B1}.Release|Any CPU.Build.0 = Release|Any CPU
		{BFB81FB8-D57D-4C27-8B3A-31B4C8597AD1}.Debug|Any CPU.ActiveCfg = Debug|Any CPU
		{BFB81FB8-D57D-4C27-8B3A-31B4C8597AD1}.Debug|Any CPU.Build.0 = Debug|Any CPU
		{BFB81FB8-D57D-4C27-8B3A-31B4C8597AD1}.Release|Any CPU.ActiveCfg = Release|Any CPU
		{BFB81FB8-D57D-4C27-8B3A-31B4C8597AD1}.Release|Any CPU.Build.0 = Release|Any CPU
	EndGlobalSection
	GlobalSection(SolutionProperties) = preSolution
		HideSolutionNode = FALSE
	EndGlobalSection
	GlobalSection(ExtensibilityGlobals) = postSolution
		SolutionGuid = {33852B44-9083-4D2F-B0EB-065E44B4B987}
	EndGlobalSection
EndGlobal
